
Microsoft Visual Studio Solution File, Format Version 12.00
# Visual Studio Version 16
VisualStudioVersion = 16.0.30711.63
MinimumVisualStudioVersion = 10.0.40219.1
Project("{FAE04EC0-301F-11D3-BF4B-00C04F79EFBC}") = "MVPConfApp.Android", "MVPConfApp\MVPConfApp.Android\MVPConfApp.Android.csproj", "{5F125C27-7151-4C15-AF8B-8E0BBDBDE455}"
EndProject
Project("{FAE04EC0-301F-11D3-BF4B-00C04F79EFBC}") = "MVPConfApp.iOS", "MVPConfApp\MVPConfApp.iOS\MVPConfApp.iOS.csproj", "{AAD88640-A382-4A25-AD2A-16AC032A5FDF}"
EndProject
Project("{FAE04EC0-301F-11D3-BF4B-00C04F79EFBC}") = "MVPConfApp", "MVPConfApp\MVPConfApp\MVPConfApp.csproj", "{73CE54CC-3947-4A5D-A0B9-963FCC8CE306}"
EndProject
Global
	GlobalSection(SolutionConfigurationPlatforms) = preSolution
		Debug|Any CPU = Debug|Any CPU
		Debug|iPhone = Debug|iPhone
		Debug|iPhoneSimulator = Debug|iPhoneSimulator
		Release|Any CPU = Release|Any CPU
		Release|iPhone = Release|iPhone
		Release|iPhoneSimulator = Release|iPhoneSimulator
	EndGlobalSection
	GlobalSection(ProjectConfigurationPlatforms) = postSolution
		{5F125C27-7151-4C15-AF8B-8E0BBDBDE455}.Debug|Any CPU.ActiveCfg = Debug|Any CPU
		{5F125C27-7151-4C15-AF8B-8E0BBDBDE455}.Debug|Any CPU.Build.0 = Debug|Any CPU
		{5F125C27-7151-4C15-AF8B-8E0BBDBDE455}.Debug|Any CPU.Deploy.0 = Debug|Any CPU
		{5F125C27-7151-4C15-AF8B-8E0BBDBDE455}.Debug|iPhone.ActiveCfg = Debug|Any CPU
		{5F125C27-7151-4C15-AF8B-8E0BBDBDE455}.Debug|iPhone.Build.0 = Debug|Any CPU
		{5F125C27-7151-4C15-AF8B-8E0BBDBDE455}.Debug|iPhone.Deploy.0 = Debug|Any CPU
		{5F125C27-7151-4C15-AF8B-8E0BBDBDE455}.Debug|iPhoneSimulator.ActiveCfg = Debug|Any CPU
		{5F125C27-7151-4C15-AF8B-8E0BBDBDE455}.Debug|iPhoneSimulator.Build.0 = Debug|Any CPU
		{5F125C27-7151-4C15-AF8B-8E0BBDBDE455}.Debug|iPhoneSimulator.Deploy.0 = Debug|Any CPU
		{5F125C27-7151-4C15-AF8B-8E0BBDBDE455}.Release|Any CPU.ActiveCfg = Release|Any CPU
		{5F125C27-7151-4C15-AF8B-8E0BBDBDE455}.Release|Any CPU.Build.0 = Release|Any CPU
		{5F125C27-7151-4C15-AF8B-8E0BBDBDE455}.Release|Any CPU.Deploy.0 = Release|Any CPU
		{5F125C27-7151-4C15-AF8B-8E0BBDBDE455}.Release|iPhone.ActiveCfg = Release|Any CPU
		{5F125C27-7151-4C15-AF8B-8E0BBDBDE455}.Release|iPhone.Build.0 = Release|Any CPU
		{5F125C27-7151-4C15-AF8B-8E0BBDBDE455}.Release|iPhone.Deploy.0 = Release|Any CPU
		{5F125C27-7151-4C15-AF8B-8E0BBDBDE455}.Release|iPhoneSimulator.ActiveCfg = Release|Any CPU
		{5F125C27-7151-4C15-AF8B-8E0BBDBDE455}.Release|iPhoneSimulator.Build.0 = Release|Any CPU
		{5F125C27-7151-4C15-AF8B-8E0BBDBDE455}.Release|iPhoneSimulator.Deploy.0 = Release|Any CPU
		{AAD88640-A382-4A25-AD2A-16AC032A5FDF}.Debug|Any CPU.ActiveCfg = Debug|iPhone
		{AAD88640-A382-4A25-AD2A-16AC032A5FDF}.Debug|Any CPU.Build.0 = Debug|iPhone
		{AAD88640-A382-4A25-AD2A-16AC032A5FDF}.Debug|Any CPU.Deploy.0 = Debug|iPhone
		{AAD88640-A382-4A25-AD2A-16AC032A5FDF}.Debug|iPhone.ActiveCfg = Debug|iPhone
		{AAD88640-A382-4A25-AD2A-16AC032A5FDF}.Debug|iPhone.Build.0 = Debug|iPhone
		{AAD88640-A382-4A25-AD2A-16AC032A5FDF}.Debug|iPhone.Deploy.0 = Debug|iPhone
		{AAD88640-A382-4A25-AD2A-16AC032A5FDF}.Debug|iPhoneSimulator.ActiveCfg = Debug|iPhoneSimulator
		{AAD88640-A382-4A25-AD2A-16AC032A5FDF}.Debug|iPhoneSimulator.Build.0 = Debug|iPhoneSimulator
		{AAD88640-A382-4A25-AD2A-16AC032A5FDF}.Debug|iPhoneSimulator.Deploy.0 = Debug|iPhoneSimulator
		{AAD88640-A382-4A25-AD2A-16AC032A5FDF}.Release|Any CPU.ActiveCfg = Release|iPhoneSimulator
		{AAD88640-A382-4A25-AD2A-16AC032A5FDF}.Release|Any CPU.Build.0 = Release|iPhoneSimulator
		{AAD88640-A382-4A25-AD2A-16AC032A5FDF}.Release|Any CPU.Deploy.0 = Release|iPhoneSimulator
		{AAD88640-A382-4A25-AD2A-16AC032A5FDF}.Release|iPhone.ActiveCfg = Release|iPhone
		{AAD88640-A382-4A25-AD2A-16AC032A5FDF}.Release|iPhone.Build.0 = Release|iPhone
		{AAD88640-A382-4A25-AD2A-16AC032A5FDF}.Release|iPhone.Deploy.0 = Release|iPhone
		{AAD88640-A382-4A25-AD2A-16AC032A5FDF}.Release|iPhoneSimulator.ActiveCfg = Release|iPhoneSimulator
		{AAD88640-A382-4A25-AD2A-16AC032A5FDF}.Release|iPhoneSimulator.Build.0 = Release|iPhoneSimulator
		{AAD88640-A382-4A25-AD2A-16AC032A5FDF}.Release|iPhoneSimulator.Deploy.0 = Release|iPhoneSimulator
		{73CE54CC-3947-4A5D-A0B9-963FCC8CE306}.Debug|Any CPU.ActiveCfg = Debug|Any CPU
		{73CE54CC-3947-4A5D-A0B9-963FCC8CE306}.Debug|Any CPU.Build.0 = Debug|Any CPU
		{73CE54CC-3947-4A5D-A0B9-963FCC8CE306}.Debug|Any CPU.Deploy.0 = Debug|Any CPU
		{73CE54CC-3947-4A5D-A0B9-963FCC8CE306}.Debug|iPhone.ActiveCfg = Debug|Any CPU
		{73CE54CC-3947-4A5D-A0B9-963FCC8CE306}.Debug|iPhone.Build.0 = Debug|Any CPU
		{73CE54CC-3947-4A5D-A0B9-963FCC8CE306}.Debug|iPhone.Deploy.0 = Debug|Any CPU
		{73CE54CC-3947-4A5D-A0B9-963FCC8CE306}.Debug|iPhoneSimulator.ActiveCfg = Debug|Any CPU
		{73CE54CC-3947-4A5D-A0B9-963FCC8CE306}.Debug|iPhoneSimulator.Build.0 = Debug|Any CPU
		{73CE54CC-3947-4A5D-A0B9-963FCC8CE306}.Debug|iPhoneSimulator.Deploy.0 = Debug|Any CPU
		{73CE54CC-3947-4A5D-A0B9-963FCC8CE306}.Release|Any CPU.ActiveCfg = Release|Any CPU
		{73CE54CC-3947-4A5D-A0B9-963FCC8CE306}.Release|Any CPU.Build.0 = Release|Any CPU
		{73CE54CC-3947-4A5D-A0B9-963FCC8CE306}.Release|Any CPU.Deploy.0 = Release|Any CPU
		{73CE54CC-3947-4A5D-A0B9-963FCC8CE306}.Release|iPhone.ActiveCfg = Release|Any CPU
		{73CE54CC-3947-4A5D-A0B9-963FCC8CE306}.Release|iPhone.Build.0 = Release|Any CPU
		{73CE54CC-3947-4A5D-A0B9-963FCC8CE306}.Release|iPhone.Deploy.0 = Release|Any CPU
		{73CE54CC-3947-4A5D-A0B9-963FCC8CE306}.Release|iPhoneSimulator.ActiveCfg = Release|Any CPU
		{73CE54CC-3947-4A5D-A0B9-963FCC8CE306}.Release|iPhoneSimulator.Build.0 = Release|Any CPU
		{73CE54CC-3947-4A5D-A0B9-963FCC8CE306}.Release|iPhoneSimulator.Deploy.0 = Release|Any CPU
	EndGlobalSection
	GlobalSection(SolutionProperties) = preSolution
		HideSolutionNode = FALSE
	EndGlobalSection
	GlobalSection(ExtensibilityGlobals) = postSolution
		SolutionGuid = {C53F5A22-21C1-48EB-8886-54A287F17A63}
	EndGlobalSection
EndGlobal
